
Microsoft Visual Studio Solution File, Format Version 12.00
# Visual Studio Version 17
VisualStudioVersion = 17.10.34928.147
MinimumVisualStudioVersion = 10.0.40219.1
Project("{8BC9CEB8-8B4A-11D0-8D11-00A0C91BC942}") = "Pointer", "Pointer.vcxproj", "{9E9364F4-645E-4725-89B1-6D3031DD391D}"
EndProject
Project("{2150E333-8FDC-42A3-9474-1A3956D46DE8}") = "CH2", "CH2", "{76B2113D-7B1C-4B2A-8413-3291B7742E29}"
EndProject
Project("{8BC9CEB8-8B4A-11D0-8D11-00A0C91BC942}") = "Ch2", "..\Ch2\Ch2.vcxproj", "{0C32B9B3-7DAF-464C-82CA-B7178189C36A}"
EndProject
Project("{2150E333-8FDC-42A3-9474-1A3956D46DE8}") = "Input", "Input", "{B4E80B86-07C4-4F30-914D-C88607327DAD}"
EndProject
Project("{8BC9CEB8-8B4A-11D0-8D11-00A0C91BC942}") = "PlayerInput", "..\PlayerInput\PlayerInput.vcxproj", "{9E7862CA-0AA2-40F0-8D9D-52E57E1330EC}"
EndProject
Project("{2150E333-8FDC-42A3-9474-1A3956D46DE8}") = "CH3", "CH3", "{167BC829-FBD1-4ED3-B413-723A0FB41F97}"
EndProject
Project("{8BC9CEB8-8B4A-11D0-8D11-00A0C91BC942}") = "Ch3", "..\Ch3\Ch3.vcxproj", "{7D51E5C1-3A53-4994-8A87-DCD1592BF4DE}"
EndProject
Project("{2150E333-8FDC-42A3-9474-1A3956D46DE8}") = "CH4", "CH4", "{D7E90EE2-F4A9-422C-89B4-570FF516105F}"
EndProject
Project("{8BC9CEB8-8B4A-11D0-8D11-00A0C91BC942}") = "Ch4", "..\Ch4\Ch4.vcxproj", "{27CE3649-DCAD-462B-8065-C6B84817CEF5}"
EndProject
Project("{2150E333-8FDC-42A3-9474-1A3956D46DE8}") = "CH5", "CH5", "{6DAC68F6-56CB-4625-B748-C3F1EFFE1C70}"
EndProject
Project("{8BC9CEB8-8B4A-11D0-8D11-00A0C91BC942}") = "Ch5", "..\Ch5\Ch5.vcxproj", "{4E0A8DFB-9A69-4213-AA9A-B2AE4A68F7E7}"
EndProject
Global
	GlobalSection(SolutionConfigurationPlatforms) = preSolution
		Debug|x64 = Debug|x64
		Debug|x86 = Debug|x86
		Release|x64 = Release|x64
		Release|x86 = Release|x86
	EndGlobalSection
	GlobalSection(ProjectConfigurationPlatforms) = postSolution
		{9E9364F4-645E-4725-89B1-6D3031DD391D}.Debug|x64.ActiveCfg = Debug|x64
		{9E9364F4-645E-4725-89B1-6D3031DD391D}.Debug|x64.Build.0 = Debug|x64
		{9E9364F4-645E-4725-89B1-6D3031DD391D}.Debug|x86.ActiveCfg = Debug|Win32
		{9E9364F4-645E-4725-89B1-6D3031DD391D}.Debug|x86.Build.0 = Debug|Win32
		{9E9364F4-645E-4725-89B1-6D3031DD391D}.Release|x64.ActiveCfg = Release|x64
		{9E9364F4-645E-4725-89B1-6D3031DD391D}.Release|x64.Build.0 = Release|x64
		{9E9364F4-645E-4725-89B1-6D3031DD391D}.Release|x86.ActiveCfg = Release|Win32
		{9E9364F4-645E-4725-89B1-6D3031DD391D}.Release|x86.Build.0 = Release|Win32
		{0C32B9B3-7DAF-464C-82CA-B7178189C36A}.Debug|x64.ActiveCfg = Debug|x64
		{0C32B9B3-7DAF-464C-82CA-B7178189C36A}.Debug|x64.Build.0 = Debug|x64
		{0C32B9B3-7DAF-464C-82CA-B7178189C36A}.Debug|x86.ActiveCfg = Debug|Win32
		{0C32B9B3-7DAF-464C-82CA-B7178189C36A}.Debug|x86.Build.0 = Debug|Win32
		{0C32B9B3-7DAF-464C-82CA-B7178189C36A}.Release|x64.ActiveCfg = Release|x64
		{0C32B9B3-7DAF-464C-82CA-B7178189C36A}.Release|x64.Build.0 = Release|x64
		{0C32B9B3-7DAF-464C-82CA-B7178189C36A}.Release|x86.ActiveCfg = Release|Win32
		{0C32B9B3-7DAF-464C-82CA-B7178189C36A}.Release|x86.Build.0 = Release|Win32
		{9E7862CA-0AA2-40F0-8D9D-52E57E1330EC}.Debug|x64.ActiveCfg = Debug|x64
		{9E7862CA-0AA2-40F0-8D9D-52E57E1330EC}.Debug|x64.Build.0 = Debug|x64
		{9E7862CA-0AA2-40F0-8D9D-52E57E1330EC}.Debug|x86.ActiveCfg = Debug|Win32
		{9E7862CA-0AA2-40F0-8D9D-52E57E1330EC}.Debug|x86.Build.0 = Debug|Win32
		{9E7862CA-0AA2-40F0-8D9D-52E57E1330EC}.Release|x64.ActiveCfg = Release|x64
		{9E7862CA-0AA2-40F0-8D9D-52E57E1330EC}.Release|x64.Build.0 = Release|x64
		{9E7862CA-0AA2-40F0-8D9D-52E57E1330EC}.Release|x86.ActiveCfg = Release|Win32
		{9E7862CA-0AA2-40F0-8D9D-52E57E1330EC}.Release|x86.Build.0 = Release|Win32
		{7D51E5C1-3A53-4994-8A87-DCD1592BF4DE}.Debug|x64.ActiveCfg = Debug|x64
		{7D51E5C1-3A53-4994-8A87-DCD1592BF4DE}.Debug|x64.Build.0 = Debug|x64
		{7D51E5C1-3A53-4994-8A87-DCD1592BF4DE}.Debug|x86.ActiveCfg = Debug|Win32
		{7D51E5C1-3A53-4994-8A87-DCD1592BF4DE}.Debug|x86.Build.0 = Debug|Win32
		{7D51E5C1-3A53-4994-8A87-DCD1592BF4DE}.Release|x64.ActiveCfg = Release|x64
		{7D51E5C1-3A53-4994-8A87-DCD1592BF4DE}.Release|x64.Build.0 = Release|x64
		{7D51E5C1-3A53-4994-8A87-DCD1592BF4DE}.Release|x86.ActiveCfg = Release|Win32
		{7D51E5C1-3A53-4994-8A87-DCD1592BF4DE}.Release|x86.Build.0 = Release|Win32
		{27CE3649-DCAD-462B-8065-C6B84817CEF5}.Debug|x64.ActiveCfg = Debug|x64
		{27CE3649-DCAD-462B-8065-C6B84817CEF5}.Debug|x64.Build.0 = Debug|x64
		{27CE3649-DCAD-462B-8065-C6B84817CEF5}.Debug|x86.ActiveCfg = Debug|Win32
		{27CE3649-DCAD-462B-8065-C6B84817CEF5}.Debug|x86.Build.0 = Debug|Win32
		{27CE3649-DCAD-462B-8065-C6B84817CEF5}.Release|x64.ActiveCfg = Release|x64
		{27CE3649-DCAD-462B-8065-C6B84817CEF5}.Release|x64.Build.0 = Release|x64
		{27CE3649-DCAD-462B-8065-C6B84817CEF5}.Release|x86.ActiveCfg = Release|Win32
		{27CE3649-DCAD-462B-8065-C6B84817CEF5}.Release|x86.Build.0 = Release|Win32
		{4E0A8DFB-9A69-4213-AA9A-B2AE4A68F7E7}.Debug|x64.ActiveCfg = Debug|x64
		{4E0A8DFB-9A69-4213-AA9A-B2AE4A68F7E7}.Debug|x64.Build.0 = Debug|x64
		{4E0A8DFB-9A69-4213-AA9A-B2AE4A68F7E7}.Debug|x86.ActiveCfg = Debug|Win32
		{4E0A8DFB-9A69-4213-AA9A-B2AE4A68F7E7}.Debug|x86.Build.0 = Debug|Win32
		{4E0A8DFB-9A69-4213-AA9A-B2AE4A68F7E7}.Release|x64.ActiveCfg = Release|x64
		{4E0A8DFB-9A69-4213-AA9A-B2AE4A68F7E7}.Release|x64.Build.0 = Release|x64
		{4E0A8DFB-9A69-4213-AA9A-B2AE4A68F7E7}.Release|x86.ActiveCfg = Release|Win32
		{4E0A8DFB-9A69-4213-AA9A-B2AE4A68F7E7}.Release|x86.Build.0 = Release|Win32
	EndGlobalSection
	GlobalSection(SolutionProperties) = preSolution
		HideSolutionNode = FALSE
	EndGlobalSection
	GlobalSection(NestedProjects) = preSolution
		{0C32B9B3-7DAF-464C-82CA-B7178189C36A} = {76B2113D-7B1C-4B2A-8413-3291B7742E29}
		{9E7862CA-0AA2-40F0-8D9D-52E57E1330EC} = {B4E80B86-07C4-4F30-914D-C88607327DAD}
		{7D51E5C1-3A53-4994-8A87-DCD1592BF4DE} = {167BC829-FBD1-4ED3-B413-723A0FB41F97}
		{27CE3649-DCAD-462B-8065-C6B84817CEF5} = {D7E90EE2-F4A9-422C-89B4-570FF516105F}
		{4E0A8DFB-9A69-4213-AA9A-B2AE4A68F7E7} = {6DAC68F6-56CB-4625-B748-C3F1EFFE1C70}
	EndGlobalSection
	GlobalSection(ExtensibilityGlobals) = postSolution
		SolutionGuid = {8D14149D-EBFC-4AAB-A5DD-FA55A7E773D8}
	EndGlobalSection
EndGlobal
